
Microsoft Visual Studio Solution File, Format Version 12.00
# Visual Studio 15
VisualStudioVersion = 15.0.27130.2027
MinimumVisualStudioVersion = 10.0.40219.1
Project("{9A19103F-16F7-4668-BE54-9A1E7A4F7556}") = "CoralTime", "CoralTime\CoralTime.csproj", "{1B3E4245-74EB-41B7-8099-F7F0E5C46928}"
EndProject
Project("{9A19103F-16F7-4668-BE54-9A1E7A4F7556}") = "CoralTime.BL", "CoralTime.BL\CoralTime.BL.csproj", "{56DF492B-D5E6-46D8-91F4-ED18AD19B860}"
EndProject
Project("{2150E333-8FDC-42A3-9474-1A3956D46DE8}") = "Tests", "Tests", "{64D55BA8-82CF-4F3F-87F3-D68C15249230}"
EndProject
Project("{9A19103F-16F7-4668-BE54-9A1E7A4F7556}") = "CoralTime.Tests", "CoralTime.Tests\CoralTime.Tests.csproj", "{863519E8-3E7A-44BB-81F1-B06041353A37}"
EndProject
Project("{9A19103F-16F7-4668-BE54-9A1E7A4F7556}") = "CoralTime.Common", "CoralTime.Common\CoralTime.Common.csproj", "{6C56C8FA-B4E9-4A58-88FA-6902BD15A0CF}"
EndProject
Project("{9A19103F-16F7-4668-BE54-9A1E7A4F7556}") = "CoralTime.DAL", "CoralTime.DAL\CoralTime.DAL.csproj", "{49944E2C-C7B6-4F06-900B-652F88A70512}"
EndProject
Project("{9A19103F-16F7-4668-BE54-9A1E7A4F7556}") = "CoralTime.ViewModels", "CoralTime.ViewModels\CoralTime.ViewModels.csproj", "{4636027B-D4AC-4E69-86D6-DF2DF9C34528}"
EndProject
Project("{FAE04EC0-301F-11D3-BF4B-00C04F79EFBC}") = "CoralTime.MySqlMigrations", "CoralTime.MySqlMigrations\CoralTime.MySqlMigrations.csproj", "{8ACF534A-F350-4A75-A768-259BAC3292A5}"
EndProject
Global
	GlobalSection(SolutionConfigurationPlatforms) = preSolution
		Debug|Any CPU = Debug|Any CPU
		Release|Any CPU = Release|Any CPU
	EndGlobalSection
	GlobalSection(ProjectConfigurationPlatforms) = postSolution
		{1B3E4245-74EB-41B7-8099-F7F0E5C46928}.Debug|Any CPU.ActiveCfg = Debug|Any CPU
		{1B3E4245-74EB-41B7-8099-F7F0E5C46928}.Debug|Any CPU.Build.0 = Debug|Any CPU
		{1B3E4245-74EB-41B7-8099-F7F0E5C46928}.Release|Any CPU.ActiveCfg = Release|Any CPU
		{1B3E4245-74EB-41B7-8099-F7F0E5C46928}.Release|Any CPU.Build.0 = Release|Any CPU
		{56DF492B-D5E6-46D8-91F4-ED18AD19B860}.Debug|Any CPU.ActiveCfg = Debug|Any CPU
		{56DF492B-D5E6-46D8-91F4-ED18AD19B860}.Debug|Any CPU.Build.0 = Debug|Any CPU
		{56DF492B-D5E6-46D8-91F4-ED18AD19B860}.Release|Any CPU.ActiveCfg = Release|Any CPU
		{56DF492B-D5E6-46D8-91F4-ED18AD19B860}.Release|Any CPU.Build.0 = Release|Any CPU
		{863519E8-3E7A-44BB-81F1-B06041353A37}.Debug|Any CPU.ActiveCfg = Debug|Any CPU
		{863519E8-3E7A-44BB-81F1-B06041353A37}.Debug|Any CPU.Build.0 = Debug|Any CPU
		{863519E8-3E7A-44BB-81F1-B06041353A37}.Release|Any CPU.ActiveCfg = Release|Any CPU
		{863519E8-3E7A-44BB-81F1-B06041353A37}.Release|Any CPU.Build.0 = Release|Any CPU
		{6C56C8FA-B4E9-4A58-88FA-6902BD15A0CF}.Debug|Any CPU.ActiveCfg = Debug|Any CPU
		{6C56C8FA-B4E9-4A58-88FA-6902BD15A0CF}.Debug|Any CPU.Build.0 = Debug|Any CPU
		{6C56C8FA-B4E9-4A58-88FA-6902BD15A0CF}.Release|Any CPU.ActiveCfg = Release|Any CPU
		{6C56C8FA-B4E9-4A58-88FA-6902BD15A0CF}.Release|Any CPU.Build.0 = Release|Any CPU
		{49944E2C-C7B6-4F06-900B-652F88A70512}.Debug|Any CPU.ActiveCfg = Debug|Any CPU
		{49944E2C-C7B6-4F06-900B-652F88A70512}.Debug|Any CPU.Build.0 = Debug|Any CPU
		{49944E2C-C7B6-4F06-900B-652F88A70512}.Release|Any CPU.ActiveCfg = Release|Any CPU
		{49944E2C-C7B6-4F06-900B-652F88A70512}.Release|Any CPU.Build.0 = Release|Any CPU
		{4636027B-D4AC-4E69-86D6-DF2DF9C34528}.Debug|Any CPU.ActiveCfg = Debug|Any CPU
		{4636027B-D4AC-4E69-86D6-DF2DF9C34528}.Debug|Any CPU.Build.0 = Debug|Any CPU
		{4636027B-D4AC-4E69-86D6-DF2DF9C34528}.Release|Any CPU.ActiveCfg = Release|Any CPU
		{4636027B-D4AC-4E69-86D6-DF2DF9C34528}.Release|Any CPU.Build.0 = Release|Any CPU
		{8ACF534A-F350-4A75-A768-259BAC3292A5}.Debug|Any CPU.ActiveCfg = Debug|Any CPU
		{8ACF534A-F350-4A75-A768-259BAC3292A5}.Debug|Any CPU.Build.0 = Debug|Any CPU
		{8ACF534A-F350-4A75-A768-259BAC3292A5}.Release|Any CPU.ActiveCfg = Release|Any CPU
		{8ACF534A-F350-4A75-A768-259BAC3292A5}.Release|Any CPU.Build.0 = Release|Any CPU
	EndGlobalSection
	GlobalSection(SolutionProperties) = preSolution
		HideSolutionNode = FALSE
	EndGlobalSection
	GlobalSection(NestedProjects) = preSolution
		{863519E8-3E7A-44BB-81F1-B06041353A37} = {64D55BA8-82CF-4F3F-87F3-D68C15249230}
	EndGlobalSection
	GlobalSection(ExtensibilityGlobals) = postSolution
		SolutionGuid = {04A3D7E2-2836-4FC8-8CE1-6B225FCD3C44}
	EndGlobalSection
EndGlobal
